<?xml version="1.0" encoding="utf-8"?>
<Project ToolsVersion="4.0" xmlns="http://schemas.microsoft.com/developer/msbuild/2003">
  <ItemGroup>
    <Filter Include="소스 파일">
      <UniqueIdentifier>{4FC737F1-C7A5-4376-A066-2A32D752A2FF}</UniqueIdentifier>
      <Extensions>cpp;c;cc;cxx;def;odl;idl;hpj;bat;asm;asmx</Extensions>
    </Filter>
    <Filter Include="헤더 파일">
      <UniqueIdentifier>{93995380-89BD-4b04-88EB-625FBE52EBFB}</UniqueIdentifier>
      <Extensions>h;hh;hpp;hxx;hm;inl;inc;ipp;xsd</Extensions>
    </Filter>
    <Filter Include="리소스 파일">
      <UniqueIdentifier>{67DA6AB6-F800-4c08-8B7A-83BB121AAD01}</UniqueIdentifier>
      <Extensions>rc;ico;cur;bmp;dlg;rc2;rct;bin;rgs;gif;jpg;jpeg;jpe;resx;tiff;tif;png;wav;mfcribbon-ms</Extensions>
    </Filter>
    <Filter Include="소스 파일\Algorithm Problem">
      <UniqueIdentifier>{a9c9de42-2d02-4b1c-a2e6-17738f171497}</UniqueIdentifier>
    </Filter>
    <Filter Include="소스 파일\Algorithm Problem\알고스팟">
      <UniqueIdentifier>{4ee72db2-49a0-4793-86f3-2ed7c452260c}</UniqueIdentifier>
    </Filter>
    <Filter Include="소스 파일\Algorithm Problem\백준 온라인 저지">
      <UniqueIdentifier>{91f2551a-e5f9-4b11-921c-e28222c62a8f}</UniqueIdentifier>
    </Filter>
    <Filter Include="소스 파일\Algorithm Problem\코드포스">
      <UniqueIdentifier>{8f0af891-ae1a-45c7-a938-ff1192b7da6d}</UniqueIdentifier>
    </Filter>
    <Filter Include="소스 파일\Algorithm Problem\SW Expert Academy">
      <UniqueIdentifier>{f13c5364-0c79-4473-8b34-50f917f78bc1}</UniqueIdentifier>
    </Filter>
    <Filter Include="소스 파일\Algorithm Problem\etc">
      <UniqueIdentifier>{00adb121-2c2f-4703-ba17-0ccd189b8168}</UniqueIdentifier>
    </Filter>
  </ItemGroup>
  <ItemGroup>
    <ClCompile Include="Synchronizing Clocks.cpp">
      <Filter>소스 파일\Algorithm Problem\알고스팟</Filter>
    </ClCompile>
    <ClCompile Include="게임판 덮기.cpp">
      <Filter>소스 파일\Algorithm Problem\알고스팟</Filter>
    </ClCompile>
    <ClCompile Include="고대어 사전.cpp">
      <Filter>소스 파일\Algorithm Problem\알고스팟</Filter>
    </ClCompile>
    <ClCompile Include="단어 제한 끝말잇기.cpp">
      <Filter>소스 파일\Algorithm Problem\알고스팟</Filter>
    </ClCompile>
    <ClCompile Include="도시락 데우기.cpp">
      <Filter>소스 파일\Algorithm Problem\알고스팟</Filter>
    </ClCompile>
    <ClCompile Include="삼각형 위의 최대 경로.cpp">
      <Filter>소스 파일\Algorithm Problem\알고스팟</Filter>
    </ClCompile>
    <ClCompile Include="신호 라우팅.cpp">
      <Filter>소스 파일\Algorithm Problem\알고스팟</Filter>
    </ClCompile>
    <ClCompile Include="외계 신호 분석.cpp">
      <Filter>소스 파일\Algorithm Problem\알고스팟</Filter>
    </ClCompile>
    <ClCompile Include="요새.cpp">
      <Filter>소스 파일\Algorithm Problem\알고스팟</Filter>
    </ClCompile>
    <ClCompile Include="울타리 잘라내기.cpp">
      <Filter>소스 파일\Algorithm Problem\알고스팟</Filter>
    </ClCompile>
    <ClCompile Include="캐나다 여행.cpp">
      <Filter>소스 파일\Algorithm Problem\알고스팟</Filter>
    </ClCompile>
    <ClCompile Include="크리스마스 인형.cpp">
      <Filter>소스 파일\Algorithm Problem\알고스팟</Filter>
    </ClCompile>
    <ClCompile Include="회전초밥.cpp">
      <Filter>소스 파일\Algorithm Problem\알고스팟</Filter>
    </ClCompile>
    <ClCompile Include="1로 만들기.cpp">
      <Filter>소스 파일\Algorithm Problem\백준 온라인 저지</Filter>
    </ClCompile>
    <ClCompile Include="계단 오르기.cpp">
      <Filter>소스 파일\Algorithm Problem\백준 온라인 저지</Filter>
    </ClCompile>
    <ClCompile Include="카드 구매하기.cpp">
      <Filter>소스 파일\Algorithm Problem\백준 온라인 저지</Filter>
    </ClCompile>
    <ClCompile Include="Fedor and New Game.cpp">
      <Filter>소스 파일\Algorithm Problem\코드포스</Filter>
    </ClCompile>
    <ClCompile Include="Queue at the School.cpp">
      <Filter>소스 파일\Algorithm Problem\코드포스</Filter>
    </ClCompile>
    <ClCompile Include="Vanya and Lanterns.cpp">
      <Filter>소스 파일\Algorithm Problem\코드포스</Filter>
    </ClCompile>
    <ClCompile Include="A and B and Compilation Errors.cpp">
      <Filter>소스 파일\Algorithm Problem\코드포스</Filter>
    </ClCompile>
    <ClCompile Include="Anton and Digits.cpp">
      <Filter>소스 파일\Algorithm Problem\코드포스</Filter>
    </ClCompile>
    <ClCompile Include="T-primes.cpp">
      <Filter>소스 파일\Algorithm Problem\코드포스</Filter>
    </ClCompile>
    <ClCompile Include="Taxi.cpp">
      <Filter>소스 파일\Algorithm Problem\코드포스</Filter>
    </ClCompile>
    <ClCompile Include="Queue.cpp">
      <Filter>소스 파일\Algorithm Problem\코드포스</Filter>
    </ClCompile>
    <ClCompile Include="Fox And Two Dots.cpp">
      <Filter>소스 파일\Algorithm Problem\코드포스</Filter>
    </ClCompile>
    <ClCompile Include="Ring road.cpp">
      <Filter>소스 파일\Algorithm Problem\코드포스</Filter>
    </ClCompile>
    <ClCompile Include="Xor-tree.cpp">
      <Filter>소스 파일\Algorithm Problem\코드포스</Filter>
    </ClCompile>
    <ClCompile Include="Cthulhu.cpp">
      <Filter>소스 파일\Algorithm Problem\코드포스</Filter>
    </ClCompile>
    <ClCompile Include="Dorm Water Supply.cpp">
      <Filter>소스 파일\Algorithm Problem\코드포스</Filter>
    </ClCompile>
    <ClCompile Include="Cut Ribbon.cpp">
      <Filter>소스 파일\Algorithm Problem\코드포스</Filter>
    </ClCompile>
    <ClCompile Include="Dreamoon and WiFi.cpp">
      <Filter>소스 파일\Algorithm Problem\코드포스</Filter>
    </ClCompile>
    <ClCompile Include="Game of Credit Cards.cpp">
      <Filter>소스 파일\Algorithm Problem\코드포스</Filter>
    </ClCompile>
    <ClCompile Include="Woodcutters.cpp">
      <Filter>소스 파일\Algorithm Problem\코드포스</Filter>
    </ClCompile>
    <ClCompile Include="Party Lemonade.cpp">
      <Filter>소스 파일\Algorithm Problem\코드포스</Filter>
    </ClCompile>
    <ClCompile Include="Journey.cpp">
      <Filter>소스 파일\Algorithm Problem\코드포스</Filter>
    </ClCompile>
    <ClCompile Include="New Year and Curling.cpp">
      <Filter>소스 파일\Algorithm Problem\코드포스</Filter>
    </ClCompile>
    <ClCompile Include="Roads not only in Berland.cpp">
      <Filter>소스 파일\Algorithm Problem\코드포스</Filter>
    </ClCompile>
    <ClCompile Include="Eternal Victory.cpp">
      <Filter>소스 파일\Algorithm Problem\코드포스</Filter>
    </ClCompile>
    <ClCompile Include="Restore Graph.cpp">
      <Filter>소스 파일\Algorithm Problem\코드포스</Filter>
    </ClCompile>
    <ClCompile Include="Polycarp%27s Practice.cpp">
      <Filter>소스 파일\Algorithm Problem\코드포스</Filter>
    </ClCompile>
    <ClCompile Include="Two Buttons.cpp">
      <Filter>소스 파일\Algorithm Problem\코드포스</Filter>
    </ClCompile>
    <ClCompile Include="Xenia and Bit Operations.cpp">
      <Filter>소스 파일\Algorithm Problem\코드포스</Filter>
    </ClCompile>
    <ClCompile Include="Too Easy Problems.cpp">
      <Filter>소스 파일\Algorithm Problem\코드포스</Filter>
    </ClCompile>
    <ClCompile Include="Painting Fence.cpp">
      <Filter>소스 파일\Algorithm Problem\코드포스</Filter>
    </ClCompile>
    <ClCompile Include="Caesar%27s Legions.cpp">
      <Filter>소스 파일\Algorithm Problem\코드포스</Filter>
    </ClCompile>
    <ClCompile Include="너의 티어는.cpp">
      <Filter>소스 파일\Algorithm Problem\백준 온라인 저지</Filter>
    </ClCompile>
    <ClCompile Include="N-Queen.cpp">
      <Filter>소스 파일\Algorithm Problem\백준 온라인 저지</Filter>
    </ClCompile>
    <ClCompile Include="가장 긴 증가하는 부분 수열 5.cpp">
      <Filter>소스 파일\Algorithm Problem\백준 온라인 저지</Filter>
    </ClCompile>
    <ClCompile Include="등산로 조성.cpp">
      <Filter>소스 파일\Algorithm Problem\SW Expert Academy</Filter>
    </ClCompile>
    <ClCompile Include="보호 필름.cpp">
      <Filter>소스 파일\Algorithm Problem\SW Expert Academy</Filter>
    </ClCompile>
    <ClCompile Include="디저트 카페.cpp">
      <Filter>소스 파일\Algorithm Problem\SW Expert Academy</Filter>
    </ClCompile>
    <ClCompile Include="벌꿀채취.cpp">
      <Filter>소스 파일\Algorithm Problem\SW Expert Academy</Filter>
    </ClCompile>
    <ClCompile Include="프로세서 연결하기.cpp">
      <Filter>소스 파일\Algorithm Problem\SW Expert Academy</Filter>
    </ClCompile>
    <ClCompile Include="차량 정비소.cpp">
      <Filter>소스 파일\Algorithm Problem\SW Expert Academy</Filter>
    </ClCompile>
    <ClCompile Include="상어의 저녁식사.cpp">
      <Filter>소스 파일\Algorithm Problem\백준 온라인 저지</Filter>
    </ClCompile>
    <ClCompile Include="소풍.cpp">
      <Filter>소스 파일\Algorithm Problem\알고스팟</Filter>
    </ClCompile>
    <ClCompile Include="승부조작.cpp">
      <Filter>소스 파일\Algorithm Problem\알고스팟</Filter>
    </ClCompile>
    <ClCompile Include="조세푸스 문제.cpp">
      <Filter>소스 파일\Algorithm Problem\알고스팟</Filter>
    </ClCompile>
    <ClCompile Include="인터넷 서점.cpp">
      <Filter>소스 파일\Algorithm Problem\알고스팟</Filter>
    </ClCompile>
    <ClCompile Include="Mismatched Brackets.cpp">
      <Filter>소스 파일\Algorithm Problem\알고스팟</Filter>
    </ClCompile>
    <ClCompile Include="미생물 격리.cpp">
      <Filter>소스 파일\Algorithm Problem\SW Expert Academy</Filter>
    </ClCompile>
    <ClCompile Include="Equivalent Strings.cpp">
      <Filter>소스 파일\Algorithm Problem\코드포스</Filter>
    </ClCompile>
    <ClCompile Include="감시.cpp">
      <Filter>소스 파일\Algorithm Problem\백준 온라인 저지</Filter>
    </ClCompile>
    <ClCompile Include="Maaaaaaaaaze.cpp">
      <Filter>소스 파일\Algorithm Problem\백준 온라인 저지</Filter>
    </ClCompile>
    <ClCompile Include="Wildcard.cpp">
      <Filter>소스 파일\Algorithm Problem\알고스팟</Filter>
    </ClCompile>
    <ClCompile Include="2048 (Easy).cpp">
      <Filter>소스 파일\Algorithm Problem\백준 온라인 저지</Filter>
    </ClCompile>
    <ClCompile Include="온코더 제9회 공식 코딩테스트 L자 타일 채우기.cpp">
      <Filter>소스 파일\Algorithm Problem\etc</Filter>
    </ClCompile>
    <ClCompile Include="주사위 굴리기.cpp">
      <Filter>소스 파일\Algorithm Problem\백준 온라인 저지</Filter>
    </ClCompile>
    <ClCompile Include="포도주 시식.cpp">
      <Filter>소스 파일\Algorithm Problem\백준 온라인 저지</Filter>
    </ClCompile>
    <ClCompile Include="Longest Increasing Sequence.cpp">
      <Filter>소스 파일\Algorithm Problem\알고스팟</Filter>
    </ClCompile>
    <ClCompile Include="폴리오미노.cpp">
      <Filter>소스 파일\Algorithm Problem\알고스팟</Filter>
    </ClCompile>
    <ClCompile Include="시험 감독.cpp">
      <Filter>소스 파일\Algorithm Problem\백준 온라인 저지</Filter>
    </ClCompile>
  </ItemGroup>
</Project>